
Microsoft Visual Studio Solution File, Format Version 12.00
# Visual Studio Version 17
VisualStudioVersion = 17.0.31903.59
MinimumVisualStudioVersion = 10.0.40219.1
Project("{2150E333-8FDC-42A3-9474-1A3956D46DE8}") = "src", "src", "{827E0CD3-B72D-47B6-A68D-7590B98EB39B}"
EndProject
Project("{FAE04EC0-301F-11D3-BF4B-00C04F79EFBC}") = "SchoolConnect.Curriculum.Domain", "src\SchoolConnect.Curriculum.Domain\SchoolConnect.Curriculum.Domain.csproj", "{4B779F1C-3186-4277-A1D0-9AB74AE74B46}"
EndProject
Project("{FAE04EC0-301F-11D3-BF4B-00C04F79EFBC}") = "SchoolConnect.Curriculum.Application", "src\SchoolConnect.Curriculum.Application\SchoolConnect.Curriculum.Application.csproj", "{34A3B45A-A2C1-4E37-8FA7-BB18EA8D98A0}"
EndProject
Project("{FAE04EC0-301F-11D3-BF4B-00C04F79EFBC}") = "SchoolConnect.Curriculum.Caps", "src\SchoolConnect.Curriculum.Caps\SchoolConnect.Curriculum.Caps.csproj", "{F2B182B0-38E1-4E08-8A55-1BC21FECF516}"
EndProject
Project("{FAE04EC0-301F-11D3-BF4B-00C04F79EFBC}") = "SchoolConnect.Curriculum.Zimsec", "src\SchoolConnect.Curriculum.Zimsec\SchoolConnect.Curriculum.Zimsec.csproj", "{CB40ED2F-D7BF-44B9-B1AA-9B77FA3A4520}"
EndProject
Project("{FAE04EC0-301F-11D3-BF4B-00C04F79EFBC}") = "SchoolConnect.Curriculum.Api", "src\SchoolConnect.Curriculum.Api\SchoolConnect.Curriculum.Api.csproj", "{397669EB-00FB-4609-97AD-A2880DA9F7A4}"
EndProject
Project("{2150E333-8FDC-42A3-9474-1A3956D46DE8}") = "tests", "tests", "{0AB3BF05-4346-4AA6-1389-037BE0695223}"
EndProject
Project("{FAE04EC0-301F-11D3-BF4B-00C04F79EFBC}") = "SchoolConnect.Curriculum.Tests.Common", "tests\SchoolConnect.Curriculum.Tests.Common\SchoolConnect.Curriculum.Tests.Common.csproj", "{5D505AE5-1740-4BDE-8C9D-C0E8C844EB2A}"
EndProject
Project("{FAE04EC0-301F-11D3-BF4B-00C04F79EFBC}") = "SchoolConnect.Curriculum.Domain.Tests", "tests\SchoolConnect.Curriculum.Domain.Tests\SchoolConnect.Curriculum.Domain.Tests.csproj", "{ECEFA1F6-B31A-4436-9B16-7653BBD5CEA6}"
EndProject
Project("{FAE04EC0-301F-11D3-BF4B-00C04F79EFBC}") = "SchoolConnect.Curriculum.Application.Tests", "tests\SchoolConnect.Curriculum.Application.Tests\SchoolConnect.Curriculum.Application.Tests.csproj", "{8C5C1C86-B257-4B83-90B7-65D8AB711DC6}"
EndProject
Project("{FAE04EC0-301F-11D3-BF4B-00C04F79EFBC}") = "SchoolConnect.Curriculum.Caps.Tests", "tests\SchoolConnect.Curriculum.Caps.Tests\SchoolConnect.Curriculum.Caps.Tests.csproj", "{7A83A3AB-EF75-4470-9A0B-B16C13C707A7}"
EndProject
Project("{FAE04EC0-301F-11D3-BF4B-00C04F79EFBC}") = "SchoolConnect.Curriculum.Zimsec.Tests", "tests\SchoolConnect.Curriculum.Zimsec.Tests\SchoolConnect.Curriculum.Zimsec.Tests.csproj", "{AA13B990-2FEA-4E0C-86CB-6066C75FF241}"
EndProject
Project("{FAE04EC0-301F-11D3-BF4B-00C04F79EFBC}") = "SchoolConnect.Common.Domain", "src\SchoolConnect.Common.Domain\SchoolConnect.Common.Domain.csproj", "{2014F6DE-54E2-4C65-BF73-4308A9FFD7F9}"
EndProject
Project("{FAE04EC0-301F-11D3-BF4B-00C04F79EFBC}") = "SchoolConnect.Common.Application", "src\SchoolConnect.Common.Application\SchoolConnect.Common.Application.csproj", "{C0E7F6E1-0DAE-4CC8-9CBB-ABF98E9376E3}"
EndProject
Project("{FAE04EC0-301F-11D3-BF4B-00C04F79EFBC}") = "SchoolConnect.Common.Infrastructure", "src\SchoolConnect.Common.Infrastructure\SchoolConnect.Common.Infrastructure.csproj", "{BDCF6759-E21E-42B4-92B6-76EE84FD1685}"
EndProject
Project("{FAE04EC0-301F-11D3-BF4B-00C04F79EFBC}") = "SchoolConnect.Common.Api", "src\SchoolConnect.Common.Api\SchoolConnect.Common.Api.csproj", "{31C99DDF-A6A7-4E48-BB18-1B4AD2B19D36}"
EndProject
Global
	GlobalSection(SolutionConfigurationPlatforms) = preSolution
		Debug|Any CPU = Debug|Any CPU
		Debug|x64 = Debug|x64
		Debug|x86 = Debug|x86
		Release|Any CPU = Release|Any CPU
		Release|x64 = Release|x64
		Release|x86 = Release|x86
	EndGlobalSection
	GlobalSection(ProjectConfigurationPlatforms) = postSolution
		{4B779F1C-3186-4277-A1D0-9AB74AE74B46}.Debug|Any CPU.ActiveCfg = Debug|Any CPU
		{4B779F1C-3186-4277-A1D0-9AB74AE74B46}.Debug|Any CPU.Build.0 = Debug|Any CPU
		{4B779F1C-3186-4277-A1D0-9AB74AE74B46}.Debug|x64.ActiveCfg = Debug|Any CPU
		{4B779F1C-3186-4277-A1D0-9AB74AE74B46}.Debug|x64.Build.0 = Debug|Any CPU
		{4B779F1C-3186-4277-A1D0-9AB74AE74B46}.Debug|x86.ActiveCfg = Debug|Any CPU
		{4B779F1C-3186-4277-A1D0-9AB74AE74B46}.Debug|x86.Build.0 = Debug|Any CPU
		{4B779F1C-3186-4277-A1D0-9AB74AE74B46}.Release|Any CPU.ActiveCfg = Release|Any CPU
		{4B779F1C-3186-4277-A1D0-9AB74AE74B46}.Release|Any CPU.Build.0 = Release|Any CPU
		{4B779F1C-3186-4277-A1D0-9AB74AE74B46}.Release|x64.ActiveCfg = Release|Any CPU
		{4B779F1C-3186-4277-A1D0-9AB74AE74B46}.Release|x64.Build.0 = Release|Any CPU
		{4B779F1C-3186-4277-A1D0-9AB74AE74B46}.Release|x86.ActiveCfg = Release|Any CPU
		{4B779F1C-3186-4277-A1D0-9AB74AE74B46}.Release|x86.Build.0 = Release|Any CPU
		{34A3B45A-A2C1-4E37-8FA7-BB18EA8D98A0}.Debug|Any CPU.ActiveCfg = Debug|Any CPU
		{34A3B45A-A2C1-4E37-8FA7-BB18EA8D98A0}.Debug|Any CPU.Build.0 = Debug|Any CPU
		{34A3B45A-A2C1-4E37-8FA7-BB18EA8D98A0}.Debug|x64.ActiveCfg = Debug|Any CPU
		{34A3B45A-A2C1-4E37-8FA7-BB18EA8D98A0}.Debug|x64.Build.0 = Debug|Any CPU
		{34A3B45A-A2C1-4E37-8FA7-BB18EA8D98A0}.Debug|x86.ActiveCfg = Debug|Any CPU
		{34A3B45A-A2C1-4E37-8FA7-BB18EA8D98A0}.Debug|x86.Build.0 = Debug|Any CPU
		{34A3B45A-A2C1-4E37-8FA7-BB18EA8D98A0}.Release|Any CPU.ActiveCfg = Release|Any CPU
		{34A3B45A-A2C1-4E37-8FA7-BB18EA8D98A0}.Release|Any CPU.Build.0 = Release|Any CPU
		{34A3B45A-A2C1-4E37-8FA7-BB18EA8D98A0}.Release|x64.ActiveCfg = Release|Any CPU
		{34A3B45A-A2C1-4E37-8FA7-BB18EA8D98A0}.Release|x64.Build.0 = Release|Any CPU
		{34A3B45A-A2C1-4E37-8FA7-BB18EA8D98A0}.Release|x86.ActiveCfg = Release|Any CPU
		{34A3B45A-A2C1-4E37-8FA7-BB18EA8D98A0}.Release|x86.Build.0 = Release|Any CPU
		{F2B182B0-38E1-4E08-8A55-1BC21FECF516}.Debug|Any CPU.ActiveCfg = Debug|Any CPU
		{F2B182B0-38E1-4E08-8A55-1BC21FECF516}.Debug|Any CPU.Build.0 = Debug|Any CPU
		{F2B182B0-38E1-4E08-8A55-1BC21FECF516}.Debug|x64.ActiveCfg = Debug|Any CPU
		{F2B182B0-38E1-4E08-8A55-1BC21FECF516}.Debug|x64.Build.0 = Debug|Any CPU
		{F2B182B0-38E1-4E08-8A55-1BC21FECF516}.Debug|x86.ActiveCfg = Debug|Any CPU
		{F2B182B0-38E1-4E08-8A55-1BC21FECF516}.Debug|x86.Build.0 = Debug|Any CPU
		{F2B182B0-38E1-4E08-8A55-1BC21FECF516}.Release|Any CPU.ActiveCfg = Release|Any CPU
		{F2B182B0-38E1-4E08-8A55-1BC21FECF516}.Release|Any CPU.Build.0 = Release|Any CPU
		{F2B182B0-38E1-4E08-8A55-1BC21FECF516}.Release|x64.ActiveCfg = Release|Any CPU
		{F2B182B0-38E1-4E08-8A55-1BC21FECF516}.Release|x64.Build.0 = Release|Any CPU
		{F2B182B0-38E1-4E08-8A55-1BC21FECF516}.Release|x86.ActiveCfg = Release|Any CPU
		{F2B182B0-38E1-4E08-8A55-1BC21FECF516}.Release|x86.Build.0 = Release|Any CPU
		{CB40ED2F-D7BF-44B9-B1AA-9B77FA3A4520}.Debug|Any CPU.ActiveCfg = Debug|Any CPU
		{CB40ED2F-D7BF-44B9-B1AA-9B77FA3A4520}.Debug|Any CPU.Build.0 = Debug|Any CPU
		{CB40ED2F-D7BF-44B9-B1AA-9B77FA3A4520}.Debug|x64.ActiveCfg = Debug|Any CPU
		{CB40ED2F-D7BF-44B9-B1AA-9B77FA3A4520}.Debug|x64.Build.0 = Debug|Any CPU
		{CB40ED2F-D7BF-44B9-B1AA-9B77FA3A4520}.Debug|x86.ActiveCfg = Debug|Any CPU
		{CB40ED2F-D7BF-44B9-B1AA-9B77FA3A4520}.Debug|x86.Build.0 = Debug|Any CPU
		{CB40ED2F-D7BF-44B9-B1AA-9B77FA3A4520}.Release|Any CPU.ActiveCfg = Release|Any CPU
		{CB40ED2F-D7BF-44B9-B1AA-9B77FA3A4520}.Release|Any CPU.Build.0 = Release|Any CPU
		{CB40ED2F-D7BF-44B9-B1AA-9B77FA3A4520}.Release|x64.ActiveCfg = Release|Any CPU
		{CB40ED2F-D7BF-44B9-B1AA-9B77FA3A4520}.Release|x64.Build.0 = Release|Any CPU
		{CB40ED2F-D7BF-44B9-B1AA-9B77FA3A4520}.Release|x86.ActiveCfg = Release|Any CPU
		{CB40ED2F-D7BF-44B9-B1AA-9B77FA3A4520}.Release|x86.Build.0 = Release|Any CPU
		{397669EB-00FB-4609-97AD-A2880DA9F7A4}.Debug|Any CPU.ActiveCfg = Debug|Any CPU
		{397669EB-00FB-4609-97AD-A2880DA9F7A4}.Debug|Any CPU.Build.0 = Debug|Any CPU
		{397669EB-00FB-4609-97AD-A2880DA9F7A4}.Debug|x64.ActiveCfg = Debug|Any CPU
		{397669EB-00FB-4609-97AD-A2880DA9F7A4}.Debug|x64.Build.0 = Debug|Any CPU
		{397669EB-00FB-4609-97AD-A2880DA9F7A4}.Debug|x86.ActiveCfg = Debug|Any CPU
		{397669EB-00FB-4609-97AD-A2880DA9F7A4}.Debug|x86.Build.0 = Debug|Any CPU
		{397669EB-00FB-4609-97AD-A2880DA9F7A4}.Release|Any CPU.ActiveCfg = Release|Any CPU
		{397669EB-00FB-4609-97AD-A2880DA9F7A4}.Release|Any CPU.Build.0 = Release|Any CPU
		{397669EB-00FB-4609-97AD-A2880DA9F7A4}.Release|x64.ActiveCfg = Release|Any CPU
		{397669EB-00FB-4609-97AD-A2880DA9F7A4}.Release|x64.Build.0 = Release|Any CPU
		{397669EB-00FB-4609-97AD-A2880DA9F7A4}.Release|x86.ActiveCfg = Release|Any CPU
		{397669EB-00FB-4609-97AD-A2880DA9F7A4}.Release|x86.Build.0 = Release|Any CPU
		{5D505AE5-1740-4BDE-8C9D-C0E8C844EB2A}.Debug|Any CPU.ActiveCfg = Debug|Any CPU
		{5D505AE5-1740-4BDE-8C9D-C0E8C844EB2A}.Debug|Any CPU.Build.0 = Debug|Any CPU
		{5D505AE5-1740-4BDE-8C9D-C0E8C844EB2A}.Debug|x64.ActiveCfg = Debug|Any CPU
		{5D505AE5-1740-4BDE-8C9D-C0E8C844EB2A}.Debug|x64.Build.0 = Debug|Any CPU
		{5D505AE5-1740-4BDE-8C9D-C0E8C844EB2A}.Debug|x86.ActiveCfg = Debug|Any CPU
		{5D505AE5-1740-4BDE-8C9D-C0E8C844EB2A}.Debug|x86.Build.0 = Debug|Any CPU
		{5D505AE5-1740-4BDE-8C9D-C0E8C844EB2A}.Release|Any CPU.ActiveCfg = Release|Any CPU
		{5D505AE5-1740-4BDE-8C9D-C0E8C844EB2A}.Release|Any CPU.Build.0 = Release|Any CPU
		{5D505AE5-1740-4BDE-8C9D-C0E8C844EB2A}.Release|x64.ActiveCfg = Release|Any CPU
		{5D505AE5-1740-4BDE-8C9D-C0E8C844EB2A}.Release|x64.Build.0 = Release|Any CPU
		{5D505AE5-1740-4BDE-8C9D-C0E8C844EB2A}.Release|x86.ActiveCfg = Release|Any CPU
		{5D505AE5-1740-4BDE-8C9D-C0E8C844EB2A}.Release|x86.Build.0 = Release|Any CPU
		{ECEFA1F6-B31A-4436-9B16-7653BBD5CEA6}.Debug|Any CPU.ActiveCfg = Debug|Any CPU
		{ECEFA1F6-B31A-4436-9B16-7653BBD5CEA6}.Debug|Any CPU.Build.0 = Debug|Any CPU
		{ECEFA1F6-B31A-4436-9B16-7653BBD5CEA6}.Debug|x64.ActiveCfg = Debug|Any CPU
		{ECEFA1F6-B31A-4436-9B16-7653BBD5CEA6}.Debug|x64.Build.0 = Debug|Any CPU
		{ECEFA1F6-B31A-4436-9B16-7653BBD5CEA6}.Debug|x86.ActiveCfg = Debug|Any CPU
		{ECEFA1F6-B31A-4436-9B16-7653BBD5CEA6}.Debug|x86.Build.0 = Debug|Any CPU
		{ECEFA1F6-B31A-4436-9B16-7653BBD5CEA6}.Release|Any CPU.ActiveCfg = Release|Any CPU
		{ECEFA1F6-B31A-4436-9B16-7653BBD5CEA6}.Release|Any CPU.Build.0 = Release|Any CPU
		{ECEFA1F6-B31A-4436-9B16-7653BBD5CEA6}.Release|x64.ActiveCfg = Release|Any CPU
		{ECEFA1F6-B31A-4436-9B16-7653BBD5CEA6}.Release|x64.Build.0 = Release|Any CPU
		{ECEFA1F6-B31A-4436-9B16-7653BBD5CEA6}.Release|x86.ActiveCfg = Release|Any CPU
		{ECEFA1F6-B31A-4436-9B16-7653BBD5CEA6}.Release|x86.Build.0 = Release|Any CPU
		{8C5C1C86-B257-4B83-90B7-65D8AB711DC6}.Debug|Any CPU.ActiveCfg = Debug|Any CPU
		{8C5C1C86-B257-4B83-90B7-65D8AB711DC6}.Debug|Any CPU.Build.0 = Debug|Any CPU
		{8C5C1C86-B257-4B83-90B7-65D8AB711DC6}.Debug|x64.ActiveCfg = Debug|Any CPU
		{8C5C1C86-B257-4B83-90B7-65D8AB711DC6}.Debug|x64.Build.0 = Debug|Any CPU
		{8C5C1C86-B257-4B83-90B7-65D8AB711DC6}.Debug|x86.ActiveCfg = Debug|Any CPU
		{8C5C1C86-B257-4B83-90B7-65D8AB711DC6}.Debug|x86.Build.0 = Debug|Any CPU
		{8C5C1C86-B257-4B83-90B7-65D8AB711DC6}.Release|Any CPU.ActiveCfg = Release|Any CPU
		{8C5C1C86-B257-4B83-90B7-65D8AB711DC6}.Release|Any CPU.Build.0 = Release|Any CPU
		{8C5C1C86-B257-4B83-90B7-65D8AB711DC6}.Release|x64.ActiveCfg = Release|Any CPU
		{8C5C1C86-B257-4B83-90B7-65D8AB711DC6}.Release|x64.Build.0 = Release|Any CPU
		{8C5C1C86-B257-4B83-90B7-65D8AB711DC6}.Release|x86.ActiveCfg = Release|Any CPU
		{8C5C1C86-B257-4B83-90B7-65D8AB711DC6}.Release|x86.Build.0 = Release|Any CPU
		{7A83A3AB-EF75-4470-9A0B-B16C13C707A7}.Debug|Any CPU.ActiveCfg = Debug|Any CPU
		{7A83A3AB-EF75-4470-9A0B-B16C13C707A7}.Debug|Any CPU.Build.0 = Debug|Any CPU
		{7A83A3AB-EF75-4470-9A0B-B16C13C707A7}.Debug|x64.ActiveCfg = Debug|Any CPU
		{7A83A3AB-EF75-4470-9A0B-B16C13C707A7}.Debug|x64.Build.0 = Debug|Any CPU
		{7A83A3AB-EF75-4470-9A0B-B16C13C707A7}.Debug|x86.ActiveCfg = Debug|Any CPU
		{7A83A3AB-EF75-4470-9A0B-B16C13C707A7}.Debug|x86.Build.0 = Debug|Any CPU
		{7A83A3AB-EF75-4470-9A0B-B16C13C707A7}.Release|Any CPU.ActiveCfg = Release|Any CPU
		{7A83A3AB-EF75-4470-9A0B-B16C13C707A7}.Release|Any CPU.Build.0 = Release|Any CPU
		{7A83A3AB-EF75-4470-9A0B-B16C13C707A7}.Release|x64.ActiveCfg = Release|Any CPU
		{7A83A3AB-EF75-4470-9A0B-B16C13C707A7}.Release|x64.Build.0 = Release|Any CPU
		{7A83A3AB-EF75-4470-9A0B-B16C13C707A7}.Release|x86.ActiveCfg = Release|Any CPU
		{7A83A3AB-EF75-4470-9A0B-B16C13C707A7}.Release|x86.Build.0 = Release|Any CPU
		{AA13B990-2FEA-4E0C-86CB-6066C75FF241}.Debug|Any CPU.ActiveCfg = Debug|Any CPU
		{AA13B990-2FEA-4E0C-86CB-6066C75FF241}.Debug|Any CPU.Build.0 = Debug|Any CPU
		{AA13B990-2FEA-4E0C-86CB-6066C75FF241}.Debug|x64.ActiveCfg = Debug|Any CPU
		{AA13B990-2FEA-4E0C-86CB-6066C75FF241}.Debug|x64.Build.0 = Debug|Any CPU
		{AA13B990-2FEA-4E0C-86CB-6066C75FF241}.Debug|x86.ActiveCfg = Debug|Any CPU
		{AA13B990-2FEA-4E0C-86CB-6066C75FF241}.Debug|x86.Build.0 = Debug|Any CPU
		{AA13B990-2FEA-4E0C-86CB-6066C75FF241}.Release|Any CPU.ActiveCfg = Release|Any CPU
		{AA13B990-2FEA-4E0C-86CB-6066C75FF241}.Release|Any CPU.Build.0 = Release|Any CPU
		{AA13B990-2FEA-4E0C-86CB-6066C75FF241}.Release|x64.ActiveCfg = Release|Any CPU
		{AA13B990-2FEA-4E0C-86CB-6066C75FF241}.Release|x64.Build.0 = Release|Any CPU
		{AA13B990-2FEA-4E0C-86CB-6066C75FF241}.Release|x86.ActiveCfg = Release|Any CPU
		{AA13B990-2FEA-4E0C-86CB-6066C75FF241}.Release|x86.Build.0 = Release|Any CPU
		{2014F6DE-54E2-4C65-BF73-4308A9FFD7F9}.Debug|Any CPU.ActiveCfg = Debug|Any CPU
		{2014F6DE-54E2-4C65-BF73-4308A9FFD7F9}.Debug|Any CPU.Build.0 = Debug|Any CPU
		{2014F6DE-54E2-4C65-BF73-4308A9FFD7F9}.Debug|x64.ActiveCfg = Debug|Any CPU
		{2014F6DE-54E2-4C65-BF73-4308A9FFD7F9}.Debug|x64.Build.0 = Debug|Any CPU
		{2014F6DE-54E2-4C65-BF73-4308A9FFD7F9}.Debug|x86.ActiveCfg = Debug|Any CPU
		{2014F6DE-54E2-4C65-BF73-4308A9FFD7F9}.Debug|x86.Build.0 = Debug|Any CPU
		{2014F6DE-54E2-4C65-BF73-4308A9FFD7F9}.Release|Any CPU.ActiveCfg = Release|Any CPU
		{2014F6DE-54E2-4C65-BF73-4308A9FFD7F9}.Release|Any CPU.Build.0 = Release|Any CPU
		{2014F6DE-54E2-4C65-BF73-4308A9FFD7F9}.Release|x64.ActiveCfg = Release|Any CPU
		{2014F6DE-54E2-4C65-BF73-4308A9FFD7F9}.Release|x64.Build.0 = Release|Any CPU
		{2014F6DE-54E2-4C65-BF73-4308A9FFD7F9}.Release|x86.ActiveCfg = Release|Any CPU
		{2014F6DE-54E2-4C65-BF73-4308A9FFD7F9}.Release|x86.Build.0 = Release|Any CPU
		{C0E7F6E1-0DAE-4CC8-9CBB-ABF98E9376E3}.Debug|Any CPU.ActiveCfg = Debug|Any CPU
		{C0E7F6E1-0DAE-4CC8-9CBB-ABF98E9376E3}.Debug|Any CPU.Build.0 = Debug|Any CPU
		{C0E7F6E1-0DAE-4CC8-9CBB-ABF98E9376E3}.Debug|x64.ActiveCfg = Debug|Any CPU
		{C0E7F6E1-0DAE-4CC8-9CBB-ABF98E9376E3}.Debug|x64.Build.0 = Debug|Any CPU
		{C0E7F6E1-0DAE-4CC8-9CBB-ABF98E9376E3}.Debug|x86.ActiveCfg = Debug|Any CPU
		{C0E7F6E1-0DAE-4CC8-9CBB-ABF98E9376E3}.Debug|x86.Build.0 = Debug|Any CPU
		{C0E7F6E1-0DAE-4CC8-9CBB-ABF98E9376E3}.Release|Any CPU.ActiveCfg = Release|Any CPU
		{C0E7F6E1-0DAE-4CC8-9CBB-ABF98E9376E3}.Release|Any CPU.Build.0 = Release|Any CPU
		{C0E7F6E1-0DAE-4CC8-9CBB-ABF98E9376E3}.Release|x64.ActiveCfg = Release|Any CPU
		{C0E7F6E1-0DAE-4CC8-9CBB-ABF98E9376E3}.Release|x64.Build.0 = Release|Any CPU
		{C0E7F6E1-0DAE-4CC8-9CBB-ABF98E9376E3}.Release|x86.ActiveCfg = Release|Any CPU
		{C0E7F6E1-0DAE-4CC8-9CBB-ABF98E9376E3}.Release|x86.Build.0 = Release|Any CPU
		{BDCF6759-E21E-42B4-92B6-76EE84FD1685}.Debug|Any CPU.ActiveCfg = Debug|Any CPU
		{BDCF6759-E21E-42B4-92B6-76EE84FD1685}.Debug|Any CPU.Build.0 = Debug|Any CPU
		{BDCF6759-E21E-42B4-92B6-76EE84FD1685}.Debug|x64.ActiveCfg = Debug|Any CPU
		{BDCF6759-E21E-42B4-92B6-76EE84FD1685}.Debug|x64.Build.0 = Debug|Any CPU
		{BDCF6759-E21E-42B4-92B6-76EE84FD1685}.Debug|x86.ActiveCfg = Debug|Any CPU
		{BDCF6759-E21E-42B4-92B6-76EE84FD1685}.Debug|x86.Build.0 = Debug|Any CPU
		{BDCF6759-E21E-42B4-92B6-76EE84FD1685}.Release|Any CPU.ActiveCfg = Release|Any CPU
		{BDCF6759-E21E-42B4-92B6-76EE84FD1685}.Release|Any CPU.Build.0 = Release|Any CPU
		{BDCF6759-E21E-42B4-92B6-76EE84FD1685}.Release|x64.ActiveCfg = Release|Any CPU
		{BDCF6759-E21E-42B4-92B6-76EE84FD1685}.Release|x64.Build.0 = Release|Any CPU
		{BDCF6759-E21E-42B4-92B6-76EE84FD1685}.Release|x86.ActiveCfg = Release|Any CPU
		{BDCF6759-E21E-42B4-92B6-76EE84FD1685}.Release|x86.Build.0 = Release|Any CPU
		{31C99DDF-A6A7-4E48-BB18-1B4AD2B19D36}.Debug|Any CPU.ActiveCfg = Debug|Any CPU
		{31C99DDF-A6A7-4E48-BB18-1B4AD2B19D36}.Debug|Any CPU.Build.0 = Debug|Any CPU
		{31C99DDF-A6A7-4E48-BB18-1B4AD2B19D36}.Debug|x64.ActiveCfg = Debug|Any CPU
		{31C99DDF-A6A7-4E48-BB18-1B4AD2B19D36}.Debug|x64.Build.0 = Debug|Any CPU
		{31C99DDF-A6A7-4E48-BB18-1B4AD2B19D36}.Debug|x86.ActiveCfg = Debug|Any CPU
		{31C99DDF-A6A7-4E48-BB18-1B4AD2B19D36}.Debug|x86.Build.0 = Debug|Any CPU
		{31C99DDF-A6A7-4E48-BB18-1B4AD2B19D36}.Release|Any CPU.ActiveCfg = Release|Any CPU
		{31C99DDF-A6A7-4E48-BB18-1B4AD2B19D36}.Release|Any CPU.Build.0 = Release|Any CPU
		{31C99DDF-A6A7-4E48-BB18-1B4AD2B19D36}.Release|x64.ActiveCfg = Release|Any CPU
		{31C99DDF-A6A7-4E48-BB18-1B4AD2B19D36}.Release|x64.Build.0 = Release|Any CPU
		{31C99DDF-A6A7-4E48-BB18-1B4AD2B19D36}.Release|x86.ActiveCfg = Release|Any CPU
		{31C99DDF-A6A7-4E48-BB18-1B4AD2B19D36}.Release|x86.Build.0 = Release|Any CPU
	EndGlobalSection
	GlobalSection(SolutionProperties) = preSolution
		HideSolutionNode = FALSE
	EndGlobalSection
	GlobalSection(NestedProjects) = preSolution
		{4B779F1C-3186-4277-A1D0-9AB74AE74B46} = {827E0CD3-B72D-47B6-A68D-7590B98EB39B}
		{34A3B45A-A2C1-4E37-8FA7-BB18EA8D98A0} = {827E0CD3-B72D-47B6-A68D-7590B98EB39B}
		{F2B182B0-38E1-4E08-8A55-1BC21FECF516} = {827E0CD3-B72D-47B6-A68D-7590B98EB39B}
		{CB40ED2F-D7BF-44B9-B1AA-9B77FA3A4520} = {827E0CD3-B72D-47B6-A68D-7590B98EB39B}
		{397669EB-00FB-4609-97AD-A2880DA9F7A4} = {827E0CD3-B72D-47B6-A68D-7590B98EB39B}
		{5D505AE5-1740-4BDE-8C9D-C0E8C844EB2A} = {0AB3BF05-4346-4AA6-1389-037BE0695223}
		{ECEFA1F6-B31A-4436-9B16-7653BBD5CEA6} = {0AB3BF05-4346-4AA6-1389-037BE0695223}
		{8C5C1C86-B257-4B83-90B7-65D8AB711DC6} = {0AB3BF05-4346-4AA6-1389-037BE0695223}
		{7A83A3AB-EF75-4470-9A0B-B16C13C707A7} = {0AB3BF05-4346-4AA6-1389-037BE0695223}
		{AA13B990-2FEA-4E0C-86CB-6066C75FF241} = {0AB3BF05-4346-4AA6-1389-037BE0695223}
		{2014F6DE-54E2-4C65-BF73-4308A9FFD7F9} = {827E0CD3-B72D-47B6-A68D-7590B98EB39B}
		{C0E7F6E1-0DAE-4CC8-9CBB-ABF98E9376E3} = {827E0CD3-B72D-47B6-A68D-7590B98EB39B}
		{BDCF6759-E21E-42B4-92B6-76EE84FD1685} = {827E0CD3-B72D-47B6-A68D-7590B98EB39B}
		{31C99DDF-A6A7-4E48-BB18-1B4AD2B19D36} = {827E0CD3-B72D-47B6-A68D-7590B98EB39B}
	EndGlobalSection
EndGlobal
