
Microsoft Visual Studio Solution File, Format Version 12.00
# Visual Studio Version 17
VisualStudioVersion = 17.0.31903.59
MinimumVisualStudioVersion = 10.0.40219.1
Project("{2150E333-8FDC-42A3-9474-1A3956D46DE8}") = "src", "src", "{827E0CD3-B72D-47B6-A68D-7590B98EB39B}"
EndProject
Project("{FAE04EC0-301F-11D3-BF4B-00C04F79EFBC}") = "SchoolConnect.EducationSystem.Domain", "src\SchoolConnect.EducationSystem.Domain\SchoolConnect.EducationSystem.Domain.csproj", "{5A2310AE-A350-42AD-996F-3F993629392C}"
EndProject
Project("{FAE04EC0-301F-11D3-BF4B-00C04F79EFBC}") = "SchoolConnect.EducationSystem.Application", "src\SchoolConnect.EducationSystem.Application\SchoolConnect.EducationSystem.Application.csproj", "{B10B2AF3-62D9-4624-8623-A2CAE3D3BCFC}"
EndProject
Project("{FAE04EC0-301F-11D3-BF4B-00C04F79EFBC}") = "SchoolConnect.EducationSystem.Infrastructure", "src\SchoolConnect.EducationSystem.Infrastructure\SchoolConnect.EducationSystem.Infrastructure.csproj", "{1F3DF9FB-AA05-48F5-871D-27C9305DAF44}"
EndProject
Project("{FAE04EC0-301F-11D3-BF4B-00C04F79EFBC}") = "SchoolConnect.EducationSystem.Api", "src\SchoolConnect.EducationSystem.Api\SchoolConnect.EducationSystem.Api.csproj", "{3F7B8C75-A5E7-4433-AB72-9049A81094FA}"
EndProject
Project("{FAE04EC0-301F-11D3-BF4B-00C04F79EFBC}") = "SchoolConnect.Curriculum.Cambridge", "src\SchoolConnect.Curriculum.Cambridge\SchoolConnect.Curriculum.Cambridge.csproj", "{F8AC0574-2F72-4480-AF45-7EADDC9B3BF0}"
EndProject
Project("{FAE04EC0-301F-11D3-BF4B-00C04F79EFBC}") = "SchoolConnect.Curriculum.Ieb", "src\SchoolConnect.Curriculum.Ieb\SchoolConnect.Curriculum.Ieb.csproj", "{133CB9B1-B578-45D6-A9A4-32112770E3A1}"
EndProject
Project("{FAE04EC0-301F-11D3-BF4B-00C04F79EFBC}") = "SchoolConnect.Curriculum.Bec", "src\SchoolConnect.Curriculum.Bec\SchoolConnect.Curriculum.Bec.csproj", "{F29BE546-2D7B-471B-9D68-454DD245C4D1}"
EndProject
Project("{FAE04EC0-301F-11D3-BF4B-00C04F79EFBC}") = "SchoolConnect.Curriculum.Ecz", "src\SchoolConnect.Curriculum.Ecz\SchoolConnect.Curriculum.Ecz.csproj", "{919CDADA-1F39-43A7-85DA-9E404424E531}"
EndProject
Project("{FAE04EC0-301F-11D3-BF4B-00C04F79EFBC}") = "SchoolConnect.Common.Domain", "src\SchoolConnect.Common.Domain\SchoolConnect.Common.Domain.csproj", "{9848DB78-9589-4D3B-AEF1-11C69136F9E4}"
EndProject
Project("{FAE04EC0-301F-11D3-BF4B-00C04F79EFBC}") = "SchoolConnect.Common.Application", "src\SchoolConnect.Common.Application\SchoolConnect.Common.Application.csproj", "{9D0F6192-EB05-4E23-A7A7-DAFAEDE4F726}"
EndProject
Project("{FAE04EC0-301F-11D3-BF4B-00C04F79EFBC}") = "SchoolConnect.Common.Infrastructure", "src\SchoolConnect.Common.Infrastructure\SchoolConnect.Common.Infrastructure.csproj", "{2B215FF2-155C-4A1A-9090-4B588C4177FF}"
EndProject
Project("{FAE04EC0-301F-11D3-BF4B-00C04F79EFBC}") = "SchoolConnect.Common.Api", "src\SchoolConnect.Common.Api\SchoolConnect.Common.Api.csproj", "{F98C979C-617C-4103-8886-452950B4F15C}"
EndProject
Project("{FAE04EC0-301F-11D3-BF4B-00C04F79EFBC}") = "SchoolConnect.Institution.Api", "src\SchoolConnect.Institution.Api\SchoolConnect.Institution.Api.csproj", "{4867F948-4620-4C32-8716-4993E36F3FFA}"
EndProject
Project("{FAE04EC0-301F-11D3-BF4B-00C04F79EFBC}") = "SchoolConnect.Institution.Application", "src\SchoolConnect.Institution.Application\SchoolConnect.Institution.Application.csproj", "{306F1EF1-B80B-4344-8398-64734FE49613}"
EndProject
Project("{FAE04EC0-301F-11D3-BF4B-00C04F79EFBC}") = "SchoolConnect.Institution.Domain", "src\SchoolConnect.Institution.Domain\SchoolConnect.Institution.Domain.csproj", "{00C14B10-19E0-432D-B84F-BFEA48F0ECE7}"
EndProject
Project("{FAE04EC0-301F-11D3-BF4B-00C04F79EFBC}") = "SchoolConnect.Institution.Infrastructure", "src\SchoolConnect.Institution.Infrastructure\SchoolConnect.Institution.Infrastructure.csproj", "{46164370-FC3E-42D6-9C87-F57C9B4F3F06}"
EndProject
Project("{FAE04EC0-301F-11D3-BF4B-00C04F79EFBC}") = "SchoolConnect.Enrolment.Domain", "src\SchoolConnect.Enrolment.Domain\SchoolConnect.Enrolment.Domain.csproj", "{EF8CE8EA-1C4D-4937-A255-944868DFC32B}"
EndProject
Project("{FAE04EC0-301F-11D3-BF4B-00C04F79EFBC}") = "SchoolConnect.Enrolment.Application", "src\SchoolConnect.Enrolment.Application\SchoolConnect.Enrolment.Application.csproj", "{5DA5C912-7440-41E0-8BF6-40151671D803}"
EndProject
Project("{FAE04EC0-301F-11D3-BF4B-00C04F79EFBC}") = "SchoolConnect.Enrolment.Infrastructure", "src\SchoolConnect.Enrolment.Infrastructure\SchoolConnect.Enrolment.Infrastructure.csproj", "{A578FB29-48F2-41F8-917A-4F49D00E231B}"
EndProject
Project("{FAE04EC0-301F-11D3-BF4B-00C04F79EFBC}") = "SchoolConnect.Enrolment.Api", "src\SchoolConnect.Enrolment.Api\SchoolConnect.Enrolment.Api.csproj", "{408C0AEB-2FCE-4882-9372-C68CDB40D487}"
EndProject
Project("{FAE04EC0-301F-11D3-BF4B-00C04F79EFBC}") = "SchoolConnect.LessonDelivery.Domain", "src\SchoolConnect.LessonDelivery.Domain\SchoolConnect.LessonDelivery.Domain.csproj", "{17E12E03-E798-41C7-96A7-1C4AD919FCB2}"
EndProject
Project("{FAE04EC0-301F-11D3-BF4B-00C04F79EFBC}") = "SchoolConnect.LessonDelivery.Application", "src\SchoolConnect.LessonDelivery.Application\SchoolConnect.LessonDelivery.Application.csproj", "{9C954218-FF10-49D8-B5F8-BD4BDC0BA15F}"
EndProject
Project("{FAE04EC0-301F-11D3-BF4B-00C04F79EFBC}") = "SchoolConnect.LessonDelivery.Infrastructure", "src\SchoolConnect.LessonDelivery.Infrastructure\SchoolConnect.LessonDelivery.Infrastructure.csproj", "{144713C9-B07D-46A2-9E15-F74F91098C2F}"
EndProject
Project("{FAE04EC0-301F-11D3-BF4B-00C04F79EFBC}") = "SchoolConnect.LessonDelivery.Api", "src\SchoolConnect.LessonDelivery.Api\SchoolConnect.LessonDelivery.Api.csproj", "{F2E91C0B-244F-4E66-9B5A-E257E8678D5D}"
EndProject
Global
	GlobalSection(SolutionConfigurationPlatforms) = preSolution
		Debug|Any CPU = Debug|Any CPU
		Debug|x64 = Debug|x64
		Debug|x86 = Debug|x86
		Release|Any CPU = Release|Any CPU
		Release|x64 = Release|x64
		Release|x86 = Release|x86
	EndGlobalSection
	GlobalSection(ProjectConfigurationPlatforms) = postSolution
		{5A2310AE-A350-42AD-996F-3F993629392C}.Debug|Any CPU.ActiveCfg = Debug|Any CPU
		{5A2310AE-A350-42AD-996F-3F993629392C}.Debug|Any CPU.Build.0 = Debug|Any CPU
		{5A2310AE-A350-42AD-996F-3F993629392C}.Debug|x64.ActiveCfg = Debug|Any CPU
		{5A2310AE-A350-42AD-996F-3F993629392C}.Debug|x64.Build.0 = Debug|Any CPU
		{5A2310AE-A350-42AD-996F-3F993629392C}.Debug|x86.ActiveCfg = Debug|Any CPU
		{5A2310AE-A350-42AD-996F-3F993629392C}.Debug|x86.Build.0 = Debug|Any CPU
		{5A2310AE-A350-42AD-996F-3F993629392C}.Release|Any CPU.ActiveCfg = Release|Any CPU
		{5A2310AE-A350-42AD-996F-3F993629392C}.Release|Any CPU.Build.0 = Release|Any CPU
		{5A2310AE-A350-42AD-996F-3F993629392C}.Release|x64.ActiveCfg = Release|Any CPU
		{5A2310AE-A350-42AD-996F-3F993629392C}.Release|x64.Build.0 = Release|Any CPU
		{5A2310AE-A350-42AD-996F-3F993629392C}.Release|x86.ActiveCfg = Release|Any CPU
		{5A2310AE-A350-42AD-996F-3F993629392C}.Release|x86.Build.0 = Release|Any CPU
		{B10B2AF3-62D9-4624-8623-A2CAE3D3BCFC}.Debug|Any CPU.ActiveCfg = Debug|Any CPU
		{B10B2AF3-62D9-4624-8623-A2CAE3D3BCFC}.Debug|Any CPU.Build.0 = Debug|Any CPU
		{B10B2AF3-62D9-4624-8623-A2CAE3D3BCFC}.Debug|x64.ActiveCfg = Debug|Any CPU
		{B10B2AF3-62D9-4624-8623-A2CAE3D3BCFC}.Debug|x64.Build.0 = Debug|Any CPU
		{B10B2AF3-62D9-4624-8623-A2CAE3D3BCFC}.Debug|x86.ActiveCfg = Debug|Any CPU
		{B10B2AF3-62D9-4624-8623-A2CAE3D3BCFC}.Debug|x86.Build.0 = Debug|Any CPU
		{B10B2AF3-62D9-4624-8623-A2CAE3D3BCFC}.Release|Any CPU.ActiveCfg = Release|Any CPU
		{B10B2AF3-62D9-4624-8623-A2CAE3D3BCFC}.Release|Any CPU.Build.0 = Release|Any CPU
		{B10B2AF3-62D9-4624-8623-A2CAE3D3BCFC}.Release|x64.ActiveCfg = Release|Any CPU
		{B10B2AF3-62D9-4624-8623-A2CAE3D3BCFC}.Release|x64.Build.0 = Release|Any CPU
		{B10B2AF3-62D9-4624-8623-A2CAE3D3BCFC}.Release|x86.ActiveCfg = Release|Any CPU
		{B10B2AF3-62D9-4624-8623-A2CAE3D3BCFC}.Release|x86.Build.0 = Release|Any CPU
		{1F3DF9FB-AA05-48F5-871D-27C9305DAF44}.Debug|Any CPU.ActiveCfg = Debug|Any CPU
		{1F3DF9FB-AA05-48F5-871D-27C9305DAF44}.Debug|Any CPU.Build.0 = Debug|Any CPU
		{1F3DF9FB-AA05-48F5-871D-27C9305DAF44}.Debug|x64.ActiveCfg = Debug|Any CPU
		{1F3DF9FB-AA05-48F5-871D-27C9305DAF44}.Debug|x64.Build.0 = Debug|Any CPU
		{1F3DF9FB-AA05-48F5-871D-27C9305DAF44}.Debug|x86.ActiveCfg = Debug|Any CPU
		{1F3DF9FB-AA05-48F5-871D-27C9305DAF44}.Debug|x86.Build.0 = Debug|Any CPU
		{1F3DF9FB-AA05-48F5-871D-27C9305DAF44}.Release|Any CPU.ActiveCfg = Release|Any CPU
		{1F3DF9FB-AA05-48F5-871D-27C9305DAF44}.Release|Any CPU.Build.0 = Release|Any CPU
		{1F3DF9FB-AA05-48F5-871D-27C9305DAF44}.Release|x64.ActiveCfg = Release|Any CPU
		{1F3DF9FB-AA05-48F5-871D-27C9305DAF44}.Release|x64.Build.0 = Release|Any CPU
		{1F3DF9FB-AA05-48F5-871D-27C9305DAF44}.Release|x86.ActiveCfg = Release|Any CPU
		{1F3DF9FB-AA05-48F5-871D-27C9305DAF44}.Release|x86.Build.0 = Release|Any CPU
		{3F7B8C75-A5E7-4433-AB72-9049A81094FA}.Debug|Any CPU.ActiveCfg = Debug|Any CPU
		{3F7B8C75-A5E7-4433-AB72-9049A81094FA}.Debug|Any CPU.Build.0 = Debug|Any CPU
		{3F7B8C75-A5E7-4433-AB72-9049A81094FA}.Debug|x64.ActiveCfg = Debug|Any CPU
		{3F7B8C75-A5E7-4433-AB72-9049A81094FA}.Debug|x64.Build.0 = Debug|Any CPU
		{3F7B8C75-A5E7-4433-AB72-9049A81094FA}.Debug|x86.ActiveCfg = Debug|Any CPU
		{3F7B8C75-A5E7-4433-AB72-9049A81094FA}.Debug|x86.Build.0 = Debug|Any CPU
		{3F7B8C75-A5E7-4433-AB72-9049A81094FA}.Release|Any CPU.ActiveCfg = Release|Any CPU
		{3F7B8C75-A5E7-4433-AB72-9049A81094FA}.Release|Any CPU.Build.0 = Release|Any CPU
		{3F7B8C75-A5E7-4433-AB72-9049A81094FA}.Release|x64.ActiveCfg = Release|Any CPU
		{3F7B8C75-A5E7-4433-AB72-9049A81094FA}.Release|x64.Build.0 = Release|Any CPU
		{3F7B8C75-A5E7-4433-AB72-9049A81094FA}.Release|x86.ActiveCfg = Release|Any CPU
		{3F7B8C75-A5E7-4433-AB72-9049A81094FA}.Release|x86.Build.0 = Release|Any CPU
		{F8AC0574-2F72-4480-AF45-7EADDC9B3BF0}.Debug|Any CPU.ActiveCfg = Debug|Any CPU
		{F8AC0574-2F72-4480-AF45-7EADDC9B3BF0}.Debug|Any CPU.Build.0 = Debug|Any CPU
		{F8AC0574-2F72-4480-AF45-7EADDC9B3BF0}.Debug|x64.ActiveCfg = Debug|Any CPU
		{F8AC0574-2F72-4480-AF45-7EADDC9B3BF0}.Debug|x64.Build.0 = Debug|Any CPU
		{F8AC0574-2F72-4480-AF45-7EADDC9B3BF0}.Debug|x86.ActiveCfg = Debug|Any CPU
		{F8AC0574-2F72-4480-AF45-7EADDC9B3BF0}.Debug|x86.Build.0 = Debug|Any CPU
		{F8AC0574-2F72-4480-AF45-7EADDC9B3BF0}.Release|Any CPU.ActiveCfg = Release|Any CPU
		{F8AC0574-2F72-4480-AF45-7EADDC9B3BF0}.Release|Any CPU.Build.0 = Release|Any CPU
		{F8AC0574-2F72-4480-AF45-7EADDC9B3BF0}.Release|x64.ActiveCfg = Release|Any CPU
		{F8AC0574-2F72-4480-AF45-7EADDC9B3BF0}.Release|x64.Build.0 = Release|Any CPU
		{F8AC0574-2F72-4480-AF45-7EADDC9B3BF0}.Release|x86.ActiveCfg = Release|Any CPU
		{F8AC0574-2F72-4480-AF45-7EADDC9B3BF0}.Release|x86.Build.0 = Release|Any CPU
		{133CB9B1-B578-45D6-A9A4-32112770E3A1}.Debug|Any CPU.ActiveCfg = Debug|Any CPU
		{133CB9B1-B578-45D6-A9A4-32112770E3A1}.Debug|Any CPU.Build.0 = Debug|Any CPU
		{133CB9B1-B578-45D6-A9A4-32112770E3A1}.Debug|x64.ActiveCfg = Debug|Any CPU
		{133CB9B1-B578-45D6-A9A4-32112770E3A1}.Debug|x64.Build.0 = Debug|Any CPU
		{133CB9B1-B578-45D6-A9A4-32112770E3A1}.Debug|x86.ActiveCfg = Debug|Any CPU
		{133CB9B1-B578-45D6-A9A4-32112770E3A1}.Debug|x86.Build.0 = Debug|Any CPU
		{133CB9B1-B578-45D6-A9A4-32112770E3A1}.Release|Any CPU.ActiveCfg = Release|Any CPU
		{133CB9B1-B578-45D6-A9A4-32112770E3A1}.Release|Any CPU.Build.0 = Release|Any CPU
		{133CB9B1-B578-45D6-A9A4-32112770E3A1}.Release|x64.ActiveCfg = Release|Any CPU
		{133CB9B1-B578-45D6-A9A4-32112770E3A1}.Release|x64.Build.0 = Release|Any CPU
		{133CB9B1-B578-45D6-A9A4-32112770E3A1}.Release|x86.ActiveCfg = Release|Any CPU
		{133CB9B1-B578-45D6-A9A4-32112770E3A1}.Release|x86.Build.0 = Release|Any CPU
		{F29BE546-2D7B-471B-9D68-454DD245C4D1}.Debug|Any CPU.ActiveCfg = Debug|Any CPU
		{F29BE546-2D7B-471B-9D68-454DD245C4D1}.Debug|Any CPU.Build.0 = Debug|Any CPU
		{F29BE546-2D7B-471B-9D68-454DD245C4D1}.Debug|x64.ActiveCfg = Debug|Any CPU
		{F29BE546-2D7B-471B-9D68-454DD245C4D1}.Debug|x64.Build.0 = Debug|Any CPU
		{F29BE546-2D7B-471B-9D68-454DD245C4D1}.Debug|x86.ActiveCfg = Debug|Any CPU
		{F29BE546-2D7B-471B-9D68-454DD245C4D1}.Debug|x86.Build.0 = Debug|Any CPU
		{F29BE546-2D7B-471B-9D68-454DD245C4D1}.Release|Any CPU.ActiveCfg = Release|Any CPU
		{F29BE546-2D7B-471B-9D68-454DD245C4D1}.Release|Any CPU.Build.0 = Release|Any CPU
		{F29BE546-2D7B-471B-9D68-454DD245C4D1}.Release|x64.ActiveCfg = Release|Any CPU
		{F29BE546-2D7B-471B-9D68-454DD245C4D1}.Release|x64.Build.0 = Release|Any CPU
		{F29BE546-2D7B-471B-9D68-454DD245C4D1}.Release|x86.ActiveCfg = Release|Any CPU
		{F29BE546-2D7B-471B-9D68-454DD245C4D1}.Release|x86.Build.0 = Release|Any CPU
		{919CDADA-1F39-43A7-85DA-9E404424E531}.Debug|Any CPU.ActiveCfg = Debug|Any CPU
		{919CDADA-1F39-43A7-85DA-9E404424E531}.Debug|Any CPU.Build.0 = Debug|Any CPU
		{919CDADA-1F39-43A7-85DA-9E404424E531}.Debug|x64.ActiveCfg = Debug|Any CPU
		{919CDADA-1F39-43A7-85DA-9E404424E531}.Debug|x64.Build.0 = Debug|Any CPU
		{919CDADA-1F39-43A7-85DA-9E404424E531}.Debug|x86.ActiveCfg = Debug|Any CPU
		{919CDADA-1F39-43A7-85DA-9E404424E531}.Debug|x86.Build.0 = Debug|Any CPU
		{919CDADA-1F39-43A7-85DA-9E404424E531}.Release|Any CPU.ActiveCfg = Release|Any CPU
		{919CDADA-1F39-43A7-85DA-9E404424E531}.Release|Any CPU.Build.0 = Release|Any CPU
		{919CDADA-1F39-43A7-85DA-9E404424E531}.Release|x64.ActiveCfg = Release|Any CPU
		{919CDADA-1F39-43A7-85DA-9E404424E531}.Release|x64.Build.0 = Release|Any CPU
		{919CDADA-1F39-43A7-85DA-9E404424E531}.Release|x86.ActiveCfg = Release|Any CPU
		{919CDADA-1F39-43A7-85DA-9E404424E531}.Release|x86.Build.0 = Release|Any CPU
		{9848DB78-9589-4D3B-AEF1-11C69136F9E4}.Debug|Any CPU.ActiveCfg = Debug|Any CPU
		{9848DB78-9589-4D3B-AEF1-11C69136F9E4}.Debug|Any CPU.Build.0 = Debug|Any CPU
		{9848DB78-9589-4D3B-AEF1-11C69136F9E4}.Debug|x64.ActiveCfg = Debug|Any CPU
		{9848DB78-9589-4D3B-AEF1-11C69136F9E4}.Debug|x64.Build.0 = Debug|Any CPU
		{9848DB78-9589-4D3B-AEF1-11C69136F9E4}.Debug|x86.ActiveCfg = Debug|Any CPU
		{9848DB78-9589-4D3B-AEF1-11C69136F9E4}.Debug|x86.Build.0 = Debug|Any CPU
		{9848DB78-9589-4D3B-AEF1-11C69136F9E4}.Release|Any CPU.ActiveCfg = Release|Any CPU
		{9848DB78-9589-4D3B-AEF1-11C69136F9E4}.Release|Any CPU.Build.0 = Release|Any CPU
		{9848DB78-9589-4D3B-AEF1-11C69136F9E4}.Release|x64.ActiveCfg = Release|Any CPU
		{9848DB78-9589-4D3B-AEF1-11C69136F9E4}.Release|x64.Build.0 = Release|Any CPU
		{9848DB78-9589-4D3B-AEF1-11C69136F9E4}.Release|x86.ActiveCfg = Release|Any CPU
		{9848DB78-9589-4D3B-AEF1-11C69136F9E4}.Release|x86.Build.0 = Release|Any CPU
		{9D0F6192-EB05-4E23-A7A7-DAFAEDE4F726}.Debug|Any CPU.ActiveCfg = Debug|Any CPU
		{9D0F6192-EB05-4E23-A7A7-DAFAEDE4F726}.Debug|Any CPU.Build.0 = Debug|Any CPU
		{9D0F6192-EB05-4E23-A7A7-DAFAEDE4F726}.Debug|x64.ActiveCfg = Debug|Any CPU
		{9D0F6192-EB05-4E23-A7A7-DAFAEDE4F726}.Debug|x64.Build.0 = Debug|Any CPU
		{9D0F6192-EB05-4E23-A7A7-DAFAEDE4F726}.Debug|x86.ActiveCfg = Debug|Any CPU
		{9D0F6192-EB05-4E23-A7A7-DAFAEDE4F726}.Debug|x86.Build.0 = Debug|Any CPU
		{9D0F6192-EB05-4E23-A7A7-DAFAEDE4F726}.Release|Any CPU.ActiveCfg = Release|Any CPU
		{9D0F6192-EB05-4E23-A7A7-DAFAEDE4F726}.Release|Any CPU.Build.0 = Release|Any CPU
		{9D0F6192-EB05-4E23-A7A7-DAFAEDE4F726}.Release|x64.ActiveCfg = Release|Any CPU
		{9D0F6192-EB05-4E23-A7A7-DAFAEDE4F726}.Release|x64.Build.0 = Release|Any CPU
		{9D0F6192-EB05-4E23-A7A7-DAFAEDE4F726}.Release|x86.ActiveCfg = Release|Any CPU
		{9D0F6192-EB05-4E23-A7A7-DAFAEDE4F726}.Release|x86.Build.0 = Release|Any CPU
		{2B215FF2-155C-4A1A-9090-4B588C4177FF}.Debug|Any CPU.ActiveCfg = Debug|Any CPU
		{2B215FF2-155C-4A1A-9090-4B588C4177FF}.Debug|Any CPU.Build.0 = Debug|Any CPU
		{2B215FF2-155C-4A1A-9090-4B588C4177FF}.Debug|x64.ActiveCfg = Debug|Any CPU
		{2B215FF2-155C-4A1A-9090-4B588C4177FF}.Debug|x64.Build.0 = Debug|Any CPU
		{2B215FF2-155C-4A1A-9090-4B588C4177FF}.Debug|x86.ActiveCfg = Debug|Any CPU
		{2B215FF2-155C-4A1A-9090-4B588C4177FF}.Debug|x86.Build.0 = Debug|Any CPU
		{2B215FF2-155C-4A1A-9090-4B588C4177FF}.Release|Any CPU.ActiveCfg = Release|Any CPU
		{2B215FF2-155C-4A1A-9090-4B588C4177FF}.Release|Any CPU.Build.0 = Release|Any CPU
		{2B215FF2-155C-4A1A-9090-4B588C4177FF}.Release|x64.ActiveCfg = Release|Any CPU
		{2B215FF2-155C-4A1A-9090-4B588C4177FF}.Release|x64.Build.0 = Release|Any CPU
		{2B215FF2-155C-4A1A-9090-4B588C4177FF}.Release|x86.ActiveCfg = Release|Any CPU
		{2B215FF2-155C-4A1A-9090-4B588C4177FF}.Release|x86.Build.0 = Release|Any CPU
		{F98C979C-617C-4103-8886-452950B4F15C}.Debug|Any CPU.ActiveCfg = Debug|Any CPU
		{F98C979C-617C-4103-8886-452950B4F15C}.Debug|Any CPU.Build.0 = Debug|Any CPU
		{F98C979C-617C-4103-8886-452950B4F15C}.Debug|x64.ActiveCfg = Debug|Any CPU
		{F98C979C-617C-4103-8886-452950B4F15C}.Debug|x64.Build.0 = Debug|Any CPU
		{F98C979C-617C-4103-8886-452950B4F15C}.Debug|x86.ActiveCfg = Debug|Any CPU
		{F98C979C-617C-4103-8886-452950B4F15C}.Debug|x86.Build.0 = Debug|Any CPU
		{F98C979C-617C-4103-8886-452950B4F15C}.Release|Any CPU.ActiveCfg = Release|Any CPU
		{F98C979C-617C-4103-8886-452950B4F15C}.Release|Any CPU.Build.0 = Release|Any CPU
		{F98C979C-617C-4103-8886-452950B4F15C}.Release|x64.ActiveCfg = Release|Any CPU
		{F98C979C-617C-4103-8886-452950B4F15C}.Release|x64.Build.0 = Release|Any CPU
		{F98C979C-617C-4103-8886-452950B4F15C}.Release|x86.ActiveCfg = Release|Any CPU
		{F98C979C-617C-4103-8886-452950B4F15C}.Release|x86.Build.0 = Release|Any CPU
		{4867F948-4620-4C32-8716-4993E36F3FFA}.Debug|Any CPU.ActiveCfg = Debug|Any CPU
		{4867F948-4620-4C32-8716-4993E36F3FFA}.Debug|Any CPU.Build.0 = Debug|Any CPU
		{4867F948-4620-4C32-8716-4993E36F3FFA}.Debug|x64.ActiveCfg = Debug|Any CPU
		{4867F948-4620-4C32-8716-4993E36F3FFA}.Debug|x64.Build.0 = Debug|Any CPU
		{4867F948-4620-4C32-8716-4993E36F3FFA}.Debug|x86.ActiveCfg = Debug|Any CPU
		{4867F948-4620-4C32-8716-4993E36F3FFA}.Debug|x86.Build.0 = Debug|Any CPU
		{4867F948-4620-4C32-8716-4993E36F3FFA}.Release|Any CPU.ActiveCfg = Release|Any CPU
		{4867F948-4620-4C32-8716-4993E36F3FFA}.Release|Any CPU.Build.0 = Release|Any CPU
		{4867F948-4620-4C32-8716-4993E36F3FFA}.Release|x64.ActiveCfg = Release|Any CPU
		{4867F948-4620-4C32-8716-4993E36F3FFA}.Release|x64.Build.0 = Release|Any CPU
		{4867F948-4620-4C32-8716-4993E36F3FFA}.Release|x86.ActiveCfg = Release|Any CPU
		{4867F948-4620-4C32-8716-4993E36F3FFA}.Release|x86.Build.0 = Release|Any CPU
		{306F1EF1-B80B-4344-8398-64734FE49613}.Debug|Any CPU.ActiveCfg = Debug|Any CPU
		{306F1EF1-B80B-4344-8398-64734FE49613}.Debug|Any CPU.Build.0 = Debug|Any CPU
		{306F1EF1-B80B-4344-8398-64734FE49613}.Debug|x64.ActiveCfg = Debug|Any CPU
		{306F1EF1-B80B-4344-8398-64734FE49613}.Debug|x64.Build.0 = Debug|Any CPU
		{306F1EF1-B80B-4344-8398-64734FE49613}.Debug|x86.ActiveCfg = Debug|Any CPU
		{306F1EF1-B80B-4344-8398-64734FE49613}.Debug|x86.Build.0 = Debug|Any CPU
		{306F1EF1-B80B-4344-8398-64734FE49613}.Release|Any CPU.ActiveCfg = Release|Any CPU
		{306F1EF1-B80B-4344-8398-64734FE49613}.Release|Any CPU.Build.0 = Release|Any CPU
		{306F1EF1-B80B-4344-8398-64734FE49613}.Release|x64.ActiveCfg = Release|Any CPU
		{306F1EF1-B80B-4344-8398-64734FE49613}.Release|x64.Build.0 = Release|Any CPU
		{306F1EF1-B80B-4344-8398-64734FE49613}.Release|x86.ActiveCfg = Release|Any CPU
		{306F1EF1-B80B-4344-8398-64734FE49613}.Release|x86.Build.0 = Release|Any CPU
		{00C14B10-19E0-432D-B84F-BFEA48F0ECE7}.Debug|Any CPU.ActiveCfg = Debug|Any CPU
		{00C14B10-19E0-432D-B84F-BFEA48F0ECE7}.Debug|Any CPU.Build.0 = Debug|Any CPU
		{00C14B10-19E0-432D-B84F-BFEA48F0ECE7}.Debug|x64.ActiveCfg = Debug|Any CPU
		{00C14B10-19E0-432D-B84F-BFEA48F0ECE7}.Debug|x64.Build.0 = Debug|Any CPU
		{00C14B10-19E0-432D-B84F-BFEA48F0ECE7}.Debug|x86.ActiveCfg = Debug|Any CPU
		{00C14B10-19E0-432D-B84F-BFEA48F0ECE7}.Debug|x86.Build.0 = Debug|Any CPU
		{00C14B10-19E0-432D-B84F-BFEA48F0ECE7}.Release|Any CPU.ActiveCfg = Release|Any CPU
		{00C14B10-19E0-432D-B84F-BFEA48F0ECE7}.Release|Any CPU.Build.0 = Release|Any CPU
		{00C14B10-19E0-432D-B84F-BFEA48F0ECE7}.Release|x64.ActiveCfg = Release|Any CPU
		{00C14B10-19E0-432D-B84F-BFEA48F0ECE7}.Release|x64.Build.0 = Release|Any CPU
		{00C14B10-19E0-432D-B84F-BFEA48F0ECE7}.Release|x86.ActiveCfg = Release|Any CPU
		{00C14B10-19E0-432D-B84F-BFEA48F0ECE7}.Release|x86.Build.0 = Release|Any CPU
		{46164370-FC3E-42D6-9C87-F57C9B4F3F06}.Debug|Any CPU.ActiveCfg = Debug|Any CPU
		{46164370-FC3E-42D6-9C87-F57C9B4F3F06}.Debug|Any CPU.Build.0 = Debug|Any CPU
		{46164370-FC3E-42D6-9C87-F57C9B4F3F06}.Debug|x64.ActiveCfg = Debug|Any CPU
		{46164370-FC3E-42D6-9C87-F57C9B4F3F06}.Debug|x64.Build.0 = Debug|Any CPU
		{46164370-FC3E-42D6-9C87-F57C9B4F3F06}.Debug|x86.ActiveCfg = Debug|Any CPU
		{46164370-FC3E-42D6-9C87-F57C9B4F3F06}.Debug|x86.Build.0 = Debug|Any CPU
		{46164370-FC3E-42D6-9C87-F57C9B4F3F06}.Release|Any CPU.ActiveCfg = Release|Any CPU
		{46164370-FC3E-42D6-9C87-F57C9B4F3F06}.Release|Any CPU.Build.0 = Release|Any CPU
		{46164370-FC3E-42D6-9C87-F57C9B4F3F06}.Release|x64.ActiveCfg = Release|Any CPU
		{46164370-FC3E-42D6-9C87-F57C9B4F3F06}.Release|x64.Build.0 = Release|Any CPU
		{46164370-FC3E-42D6-9C87-F57C9B4F3F06}.Release|x86.ActiveCfg = Release|Any CPU
		{46164370-FC3E-42D6-9C87-F57C9B4F3F06}.Release|x86.Build.0 = Release|Any CPU
		{EF8CE8EA-1C4D-4937-A255-944868DFC32B}.Debug|Any CPU.ActiveCfg = Debug|Any CPU
		{EF8CE8EA-1C4D-4937-A255-944868DFC32B}.Debug|Any CPU.Build.0 = Debug|Any CPU
		{EF8CE8EA-1C4D-4937-A255-944868DFC32B}.Debug|x64.ActiveCfg = Debug|Any CPU
		{EF8CE8EA-1C4D-4937-A255-944868DFC32B}.Debug|x64.Build.0 = Debug|Any CPU
		{EF8CE8EA-1C4D-4937-A255-944868DFC32B}.Debug|x86.ActiveCfg = Debug|Any CPU
		{EF8CE8EA-1C4D-4937-A255-944868DFC32B}.Debug|x86.Build.0 = Debug|Any CPU
		{EF8CE8EA-1C4D-4937-A255-944868DFC32B}.Release|Any CPU.ActiveCfg = Release|Any CPU
		{EF8CE8EA-1C4D-4937-A255-944868DFC32B}.Release|Any CPU.Build.0 = Release|Any CPU
		{EF8CE8EA-1C4D-4937-A255-944868DFC32B}.Release|x64.ActiveCfg = Release|Any CPU
		{EF8CE8EA-1C4D-4937-A255-944868DFC32B}.Release|x64.Build.0 = Release|Any CPU
		{EF8CE8EA-1C4D-4937-A255-944868DFC32B}.Release|x86.ActiveCfg = Release|Any CPU
		{EF8CE8EA-1C4D-4937-A255-944868DFC32B}.Release|x86.Build.0 = Release|Any CPU
		{5DA5C912-7440-41E0-8BF6-40151671D803}.Debug|Any CPU.ActiveCfg = Debug|Any CPU
		{5DA5C912-7440-41E0-8BF6-40151671D803}.Debug|Any CPU.Build.0 = Debug|Any CPU
		{5DA5C912-7440-41E0-8BF6-40151671D803}.Debug|x64.ActiveCfg = Debug|Any CPU
		{5DA5C912-7440-41E0-8BF6-40151671D803}.Debug|x64.Build.0 = Debug|Any CPU
		{5DA5C912-7440-41E0-8BF6-40151671D803}.Debug|x86.ActiveCfg = Debug|Any CPU
		{5DA5C912-7440-41E0-8BF6-40151671D803}.Debug|x86.Build.0 = Debug|Any CPU
		{5DA5C912-7440-41E0-8BF6-40151671D803}.Release|Any CPU.ActiveCfg = Release|Any CPU
		{5DA5C912-7440-41E0-8BF6-40151671D803}.Release|Any CPU.Build.0 = Release|Any CPU
		{5DA5C912-7440-41E0-8BF6-40151671D803}.Release|x64.ActiveCfg = Release|Any CPU
		{5DA5C912-7440-41E0-8BF6-40151671D803}.Release|x64.Build.0 = Release|Any CPU
		{5DA5C912-7440-41E0-8BF6-40151671D803}.Release|x86.ActiveCfg = Release|Any CPU
		{5DA5C912-7440-41E0-8BF6-40151671D803}.Release|x86.Build.0 = Release|Any CPU
		{A578FB29-48F2-41F8-917A-4F49D00E231B}.Debug|Any CPU.ActiveCfg = Debug|Any CPU
		{A578FB29-48F2-41F8-917A-4F49D00E231B}.Debug|Any CPU.Build.0 = Debug|Any CPU
		{A578FB29-48F2-41F8-917A-4F49D00E231B}.Debug|x64.ActiveCfg = Debug|Any CPU
		{A578FB29-48F2-41F8-917A-4F49D00E231B}.Debug|x64.Build.0 = Debug|Any CPU
		{A578FB29-48F2-41F8-917A-4F49D00E231B}.Debug|x86.ActiveCfg = Debug|Any CPU
		{A578FB29-48F2-41F8-917A-4F49D00E231B}.Debug|x86.Build.0 = Debug|Any CPU
		{A578FB29-48F2-41F8-917A-4F49D00E231B}.Release|Any CPU.ActiveCfg = Release|Any CPU
		{A578FB29-48F2-41F8-917A-4F49D00E231B}.Release|Any CPU.Build.0 = Release|Any CPU
		{A578FB29-48F2-41F8-917A-4F49D00E231B}.Release|x64.ActiveCfg = Release|Any CPU
		{A578FB29-48F2-41F8-917A-4F49D00E231B}.Release|x64.Build.0 = Release|Any CPU
		{A578FB29-48F2-41F8-917A-4F49D00E231B}.Release|x86.ActiveCfg = Release|Any CPU
		{A578FB29-48F2-41F8-917A-4F49D00E231B}.Release|x86.Build.0 = Release|Any CPU
		{408C0AEB-2FCE-4882-9372-C68CDB40D487}.Debug|Any CPU.ActiveCfg = Debug|Any CPU
		{408C0AEB-2FCE-4882-9372-C68CDB40D487}.Debug|Any CPU.Build.0 = Debug|Any CPU
		{408C0AEB-2FCE-4882-9372-C68CDB40D487}.Debug|x64.ActiveCfg = Debug|Any CPU
		{408C0AEB-2FCE-4882-9372-C68CDB40D487}.Debug|x64.Build.0 = Debug|Any CPU
		{408C0AEB-2FCE-4882-9372-C68CDB40D487}.Debug|x86.ActiveCfg = Debug|Any CPU
		{408C0AEB-2FCE-4882-9372-C68CDB40D487}.Debug|x86.Build.0 = Debug|Any CPU
		{408C0AEB-2FCE-4882-9372-C68CDB40D487}.Release|Any CPU.ActiveCfg = Release|Any CPU
		{408C0AEB-2FCE-4882-9372-C68CDB40D487}.Release|Any CPU.Build.0 = Release|Any CPU
		{408C0AEB-2FCE-4882-9372-C68CDB40D487}.Release|x64.ActiveCfg = Release|Any CPU
		{408C0AEB-2FCE-4882-9372-C68CDB40D487}.Release|x64.Build.0 = Release|Any CPU
		{408C0AEB-2FCE-4882-9372-C68CDB40D487}.Release|x86.ActiveCfg = Release|Any CPU
		{408C0AEB-2FCE-4882-9372-C68CDB40D487}.Release|x86.Build.0 = Release|Any CPU
		{17E12E03-E798-41C7-96A7-1C4AD919FCB2}.Debug|Any CPU.ActiveCfg = Debug|Any CPU
		{17E12E03-E798-41C7-96A7-1C4AD919FCB2}.Debug|Any CPU.Build.0 = Debug|Any CPU
		{17E12E03-E798-41C7-96A7-1C4AD919FCB2}.Debug|x64.ActiveCfg = Debug|Any CPU
		{17E12E03-E798-41C7-96A7-1C4AD919FCB2}.Debug|x64.Build.0 = Debug|Any CPU
		{17E12E03-E798-41C7-96A7-1C4AD919FCB2}.Debug|x86.ActiveCfg = Debug|Any CPU
		{17E12E03-E798-41C7-96A7-1C4AD919FCB2}.Debug|x86.Build.0 = Debug|Any CPU
		{17E12E03-E798-41C7-96A7-1C4AD919FCB2}.Release|Any CPU.ActiveCfg = Release|Any CPU
		{17E12E03-E798-41C7-96A7-1C4AD919FCB2}.Release|Any CPU.Build.0 = Release|Any CPU
		{17E12E03-E798-41C7-96A7-1C4AD919FCB2}.Release|x64.ActiveCfg = Release|Any CPU
		{17E12E03-E798-41C7-96A7-1C4AD919FCB2}.Release|x64.Build.0 = Release|Any CPU
		{17E12E03-E798-41C7-96A7-1C4AD919FCB2}.Release|x86.ActiveCfg = Release|Any CPU
		{17E12E03-E798-41C7-96A7-1C4AD919FCB2}.Release|x86.Build.0 = Release|Any CPU
		{9C954218-FF10-49D8-B5F8-BD4BDC0BA15F}.Debug|Any CPU.ActiveCfg = Debug|Any CPU
		{9C954218-FF10-49D8-B5F8-BD4BDC0BA15F}.Debug|Any CPU.Build.0 = Debug|Any CPU
		{9C954218-FF10-49D8-B5F8-BD4BDC0BA15F}.Debug|x64.ActiveCfg = Debug|Any CPU
		{9C954218-FF10-49D8-B5F8-BD4BDC0BA15F}.Debug|x64.Build.0 = Debug|Any CPU
		{9C954218-FF10-49D8-B5F8-BD4BDC0BA15F}.Debug|x86.ActiveCfg = Debug|Any CPU
		{9C954218-FF10-49D8-B5F8-BD4BDC0BA15F}.Debug|x86.Build.0 = Debug|Any CPU
		{9C954218-FF10-49D8-B5F8-BD4BDC0BA15F}.Release|Any CPU.ActiveCfg = Release|Any CPU
		{9C954218-FF10-49D8-B5F8-BD4BDC0BA15F}.Release|Any CPU.Build.0 = Release|Any CPU
		{9C954218-FF10-49D8-B5F8-BD4BDC0BA15F}.Release|x64.ActiveCfg = Release|Any CPU
		{9C954218-FF10-49D8-B5F8-BD4BDC0BA15F}.Release|x64.Build.0 = Release|Any CPU
		{9C954218-FF10-49D8-B5F8-BD4BDC0BA15F}.Release|x86.ActiveCfg = Release|Any CPU
		{9C954218-FF10-49D8-B5F8-BD4BDC0BA15F}.Release|x86.Build.0 = Release|Any CPU
		{144713C9-B07D-46A2-9E15-F74F91098C2F}.Debug|Any CPU.ActiveCfg = Debug|Any CPU
		{144713C9-B07D-46A2-9E15-F74F91098C2F}.Debug|Any CPU.Build.0 = Debug|Any CPU
		{144713C9-B07D-46A2-9E15-F74F91098C2F}.Debug|x64.ActiveCfg = Debug|Any CPU
		{144713C9-B07D-46A2-9E15-F74F91098C2F}.Debug|x64.Build.0 = Debug|Any CPU
		{144713C9-B07D-46A2-9E15-F74F91098C2F}.Debug|x86.ActiveCfg = Debug|Any CPU
		{144713C9-B07D-46A2-9E15-F74F91098C2F}.Debug|x86.Build.0 = Debug|Any CPU
		{144713C9-B07D-46A2-9E15-F74F91098C2F}.Release|Any CPU.ActiveCfg = Release|Any CPU
		{144713C9-B07D-46A2-9E15-F74F91098C2F}.Release|Any CPU.Build.0 = Release|Any CPU
		{144713C9-B07D-46A2-9E15-F74F91098C2F}.Release|x64.ActiveCfg = Release|Any CPU
		{144713C9-B07D-46A2-9E15-F74F91098C2F}.Release|x64.Build.0 = Release|Any CPU
		{144713C9-B07D-46A2-9E15-F74F91098C2F}.Release|x86.ActiveCfg = Release|Any CPU
		{144713C9-B07D-46A2-9E15-F74F91098C2F}.Release|x86.Build.0 = Release|Any CPU
		{F2E91C0B-244F-4E66-9B5A-E257E8678D5D}.Debug|Any CPU.ActiveCfg = Debug|Any CPU
		{F2E91C0B-244F-4E66-9B5A-E257E8678D5D}.Debug|Any CPU.Build.0 = Debug|Any CPU
		{F2E91C0B-244F-4E66-9B5A-E257E8678D5D}.Debug|x64.ActiveCfg = Debug|Any CPU
		{F2E91C0B-244F-4E66-9B5A-E257E8678D5D}.Debug|x64.Build.0 = Debug|Any CPU
		{F2E91C0B-244F-4E66-9B5A-E257E8678D5D}.Debug|x86.ActiveCfg = Debug|Any CPU
		{F2E91C0B-244F-4E66-9B5A-E257E8678D5D}.Debug|x86.Build.0 = Debug|Any CPU
		{F2E91C0B-244F-4E66-9B5A-E257E8678D5D}.Release|Any CPU.ActiveCfg = Release|Any CPU
		{F2E91C0B-244F-4E66-9B5A-E257E8678D5D}.Release|Any CPU.Build.0 = Release|Any CPU
		{F2E91C0B-244F-4E66-9B5A-E257E8678D5D}.Release|x64.ActiveCfg = Release|Any CPU
		{F2E91C0B-244F-4E66-9B5A-E257E8678D5D}.Release|x64.Build.0 = Release|Any CPU
		{F2E91C0B-244F-4E66-9B5A-E257E8678D5D}.Release|x86.ActiveCfg = Release|Any CPU
		{F2E91C0B-244F-4E66-9B5A-E257E8678D5D}.Release|x86.Build.0 = Release|Any CPU
	EndGlobalSection
	GlobalSection(SolutionProperties) = preSolution
		HideSolutionNode = FALSE
	EndGlobalSection
	GlobalSection(NestedProjects) = preSolution
		{5A2310AE-A350-42AD-996F-3F993629392C} = {827E0CD3-B72D-47B6-A68D-7590B98EB39B}
		{B10B2AF3-62D9-4624-8623-A2CAE3D3BCFC} = {827E0CD3-B72D-47B6-A68D-7590B98EB39B}
		{1F3DF9FB-AA05-48F5-871D-27C9305DAF44} = {827E0CD3-B72D-47B6-A68D-7590B98EB39B}
		{3F7B8C75-A5E7-4433-AB72-9049A81094FA} = {827E0CD3-B72D-47B6-A68D-7590B98EB39B}
		{F8AC0574-2F72-4480-AF45-7EADDC9B3BF0} = {827E0CD3-B72D-47B6-A68D-7590B98EB39B}
		{133CB9B1-B578-45D6-A9A4-32112770E3A1} = {827E0CD3-B72D-47B6-A68D-7590B98EB39B}
		{F29BE546-2D7B-471B-9D68-454DD245C4D1} = {827E0CD3-B72D-47B6-A68D-7590B98EB39B}
		{919CDADA-1F39-43A7-85DA-9E404424E531} = {827E0CD3-B72D-47B6-A68D-7590B98EB39B}
		{9848DB78-9589-4D3B-AEF1-11C69136F9E4} = {827E0CD3-B72D-47B6-A68D-7590B98EB39B}
		{9D0F6192-EB05-4E23-A7A7-DAFAEDE4F726} = {827E0CD3-B72D-47B6-A68D-7590B98EB39B}
		{2B215FF2-155C-4A1A-9090-4B588C4177FF} = {827E0CD3-B72D-47B6-A68D-7590B98EB39B}
		{F98C979C-617C-4103-8886-452950B4F15C} = {827E0CD3-B72D-47B6-A68D-7590B98EB39B}
		{4867F948-4620-4C32-8716-4993E36F3FFA} = {827E0CD3-B72D-47B6-A68D-7590B98EB39B}
		{306F1EF1-B80B-4344-8398-64734FE49613} = {827E0CD3-B72D-47B6-A68D-7590B98EB39B}
		{00C14B10-19E0-432D-B84F-BFEA48F0ECE7} = {827E0CD3-B72D-47B6-A68D-7590B98EB39B}
		{46164370-FC3E-42D6-9C87-F57C9B4F3F06} = {827E0CD3-B72D-47B6-A68D-7590B98EB39B}
		{EF8CE8EA-1C4D-4937-A255-944868DFC32B} = {827E0CD3-B72D-47B6-A68D-7590B98EB39B}
		{5DA5C912-7440-41E0-8BF6-40151671D803} = {827E0CD3-B72D-47B6-A68D-7590B98EB39B}
		{A578FB29-48F2-41F8-917A-4F49D00E231B} = {827E0CD3-B72D-47B6-A68D-7590B98EB39B}
		{408C0AEB-2FCE-4882-9372-C68CDB40D487} = {827E0CD3-B72D-47B6-A68D-7590B98EB39B}
		{17E12E03-E798-41C7-96A7-1C4AD919FCB2} = {827E0CD3-B72D-47B6-A68D-7590B98EB39B}
		{9C954218-FF10-49D8-B5F8-BD4BDC0BA15F} = {827E0CD3-B72D-47B6-A68D-7590B98EB39B}
		{144713C9-B07D-46A2-9E15-F74F91098C2F} = {827E0CD3-B72D-47B6-A68D-7590B98EB39B}
		{F2E91C0B-244F-4E66-9B5A-E257E8678D5D} = {827E0CD3-B72D-47B6-A68D-7590B98EB39B}
	EndGlobalSection
EndGlobal
